// !$*UTF8*$!
{
	archiveVersion = 1;
	classes = {
	};
	objectVersion = 46;
	objects = {

/* Begin PBXAggregateTarget section */
		A1713532185009D900E56C4D /* Documentation */ = {
			isa = PBXAggregateTarget;
			buildConfigurationList = A1713533185009D900E56C4D /* Build configuration list for PBXAggregateTarget "Documentation" */;
			buildPhases = (
				A171353918500A8200E56C4D /* Generate Documentation */,
			);
			dependencies = (
			);
			name = Documentation;
			productName = Documentation;
		};
/* End PBXAggregateTarget section */

/* Begin PBXBuildFile section */
		492A9D771983AD3500EC9CF0 /* JSMStaticSliderPreference.m in Sources */ = {isa = PBXBuildFile; fileRef = 492A9D761983AD3500EC9CF0 /* JSMStaticSliderPreference.m */; };
		A1486E4619599C330017CACD /* UITableView+StaticTables.m in Sources */ = {isa = PBXBuildFile; fileRef = A1486E4519599C330017CACD /* UITableView+StaticTables.m */; };
		A1486E4B195AE6E60017CACD /* JSMStaticPreference.m in Sources */ = {isa = PBXBuildFile; fileRef = A1486E4A195AE6E60017CACD /* JSMStaticPreference.m */; };
		A1486E4E195DA3580017CACD /* JSMStaticTextPreference.m in Sources */ = {isa = PBXBuildFile; fileRef = A1486E4D195DA3580017CACD /* JSMStaticTextPreference.m */; };
		A1486E5119601B2F0017CACD /* JSMStaticBooleanPreference.m in Sources */ = {isa = PBXBuildFile; fileRef = A1486E5019601B2F0017CACD /* JSMStaticBooleanPreference.m */; };
		A1486E5419601F550017CACD /* JSMStaticSelectPreference.m in Sources */ = {isa = PBXBuildFile; fileRef = A1486E5319601F550017CACD /* JSMStaticSelectPreference.m */; };
		A1486E571960223F0017CACD /* JSMStaticSelectPreferenceViewController.m in Sources */ = {isa = PBXBuildFile; fileRef = A1486E561960223F0017CACD /* JSMStaticSelectPreferenceViewController.m */; };
		A14B567C19604EEC00C2A701 /* JSMStaticTableViewController.m in Sources */ = {isa = PBXBuildFile; fileRef = A14B567B19604EEC00C2A701 /* JSMStaticTableViewController.m */; };
		A1713509185007F800E56C4D /* Foundation.framework in Frameworks */ = {isa = PBXBuildFile; fileRef = A1713508185007F800E56C4D /* Foundation.framework */; };
		A1713537185009F100E56C4D /* UIKit.framework in Frameworks */ = {isa = PBXBuildFile; fileRef = A1713536185009F100E56C4D /* UIKit.framework */; };
		A18D9C091B44E71800F43BF5 /* UITableView+StaticTables.m in Sources */ = {isa = PBXBuildFile; fileRef = A1486E4519599C330017CACD /* UITableView+StaticTables.m */; };
		A18D9C0A1B44E71800F43BF5 /* JSMStaticTableViewController.m in Sources */ = {isa = PBXBuildFile; fileRef = A14B567B19604EEC00C2A701 /* JSMStaticTableViewController.m */; };
		A18D9C0B1B44E71800F43BF5 /* JSMStaticDataSource.m in Sources */ = {isa = PBXBuildFile; fileRef = A19D1435195426A2005146CB /* JSMStaticDataSource.m */; };
		A18D9C0C1B44E71800F43BF5 /* JSMStaticDataSource+Convenience.m in Sources */ = {isa = PBXBuildFile; fileRef = A1C0C4CC1B2AF177004561C9 /* JSMStaticDataSource+Convenience.m */; };
		A18D9C0D1B44E71800F43BF5 /* JSMStaticSection.m in Sources */ = {isa = PBXBuildFile; fileRef = A19D142F19541ACA005146CB /* JSMStaticSection.m */; };
		A18D9C0E1B44E71800F43BF5 /* JSMStaticRow.m in Sources */ = {isa = PBXBuildFile; fileRef = A19D143219541ADC005146CB /* JSMStaticRow.m */; };
		A18D9C0F1B44E71800F43BF5 /* JSMStaticPreference.m in Sources */ = {isa = PBXBuildFile; fileRef = A1486E4A195AE6E60017CACD /* JSMStaticPreference.m */; };
		A18D9C101B44E71800F43BF5 /* JSMStaticTextPreference.m in Sources */ = {isa = PBXBuildFile; fileRef = A1486E4D195DA3580017CACD /* JSMStaticTextPreference.m */; };
		A18D9C111B44E71800F43BF5 /* JSMStaticBooleanPreference.m in Sources */ = {isa = PBXBuildFile; fileRef = A1486E5019601B2F0017CACD /* JSMStaticBooleanPreference.m */; };
		A18D9C121B44E71800F43BF5 /* JSMStaticSelectPreference.m in Sources */ = {isa = PBXBuildFile; fileRef = A1486E5319601F550017CACD /* JSMStaticSelectPreference.m */; };
		A18D9C131B44E71800F43BF5 /* JSMStaticSelectPreferenceViewController.m in Sources */ = {isa = PBXBuildFile; fileRef = A1486E561960223F0017CACD /* JSMStaticSelectPreferenceViewController.m */; };
		A18D9C141B44E71800F43BF5 /* JSMStaticSliderPreference.m in Sources */ = {isa = PBXBuildFile; fileRef = 492A9D761983AD3500EC9CF0 /* JSMStaticSliderPreference.m */; };
		A18D9C151B44E74800F43BF5 /* UIKit.framework in Frameworks */ = {isa = PBXBuildFile; fileRef = A1713536185009F100E56C4D /* UIKit.framework */; };
		A18D9C161B44E75200F43BF5 /* Foundation.framework in Frameworks */ = {isa = PBXBuildFile; fileRef = A1713508185007F800E56C4D /* Foundation.framework */; };
		A18D9C181B44E76D00F43BF5 /* UITableView+StaticTables.h in Headers */ = {isa = PBXBuildFile; fileRef = A1486E4419599C330017CACD /* UITableView+StaticTables.h */; settings = {ATTRIBUTES = (Public, ); }; };
		A18D9C191B44E76D00F43BF5 /* JSMStaticTableViewController.h in Headers */ = {isa = PBXBuildFile; fileRef = A14B567A19604EEC00C2A701 /* JSMStaticTableViewController.h */; settings = {ATTRIBUTES = (Public, ); }; };
		A18D9C1A1B44E76D00F43BF5 /* JSMStaticDataSource.h in Headers */ = {isa = PBXBuildFile; fileRef = A19D1434195426A2005146CB /* JSMStaticDataSource.h */; settings = {ATTRIBUTES = (Public, ); }; };
		A18D9C1B1B44E76D00F43BF5 /* JSMStaticDataSource+Convenience.h in Headers */ = {isa = PBXBuildFile; fileRef = A1C0C4CB1B2AF177004561C9 /* JSMStaticDataSource+Convenience.h */; settings = {ATTRIBUTES = (Public, ); }; };
		A18D9C1C1B44E76D00F43BF5 /* JSMStaticSection.h in Headers */ = {isa = PBXBuildFile; fileRef = A19D142E19541ACA005146CB /* JSMStaticSection.h */; settings = {ATTRIBUTES = (Public, ); }; };
		A18D9C1D1B44E76D00F43BF5 /* JSMStaticRow.h in Headers */ = {isa = PBXBuildFile; fileRef = A19D143119541ADC005146CB /* JSMStaticRow.h */; settings = {ATTRIBUTES = (Public, ); }; };
		A18D9C1E1B44E76D00F43BF5 /* JSMStaticPreference.h in Headers */ = {isa = PBXBuildFile; fileRef = A1486E49195AE6E60017CACD /* JSMStaticPreference.h */; settings = {ATTRIBUTES = (Public, ); }; };
		A18D9C1F1B44E76D00F43BF5 /* JSMStaticTextPreference.h in Headers */ = {isa = PBXBuildFile; fileRef = A1486E4C195DA3580017CACD /* JSMStaticTextPreference.h */; settings = {ATTRIBUTES = (Public, ); }; };
		A18D9C201B44E76D00F43BF5 /* JSMStaticBooleanPreference.h in Headers */ = {isa = PBXBuildFile; fileRef = A1486E4F19601B2F0017CACD /* JSMStaticBooleanPreference.h */; settings = {ATTRIBUTES = (Public, ); }; };
		A18D9C211B44E76D00F43BF5 /* JSMStaticSelectPreference.h in Headers */ = {isa = PBXBuildFile; fileRef = A1486E5219601F550017CACD /* JSMStaticSelectPreference.h */; settings = {ATTRIBUTES = (Public, ); }; };
		A18D9C221B44E76D00F43BF5 /* JSMStaticSelectPreferenceViewController.h in Headers */ = {isa = PBXBuildFile; fileRef = A1486E551960223F0017CACD /* JSMStaticSelectPreferenceViewController.h */; settings = {ATTRIBUTES = (Public, ); }; };
		A18D9C231B44E76D00F43BF5 /* JSMStaticSliderPreference.h in Headers */ = {isa = PBXBuildFile; fileRef = 492A9D751983AD3500EC9CF0 /* JSMStaticSliderPreference.h */; settings = {ATTRIBUTES = (Public, ); }; };
		A18D9C321B44F0D200F43BF5 /* StaticTables.h in Headers */ = {isa = PBXBuildFile; fileRef = A171353818500A1A00E56C4D /* StaticTables.h */; settings = {ATTRIBUTES = (Public, ); }; };
		A19D143019541ACA005146CB /* JSMStaticSection.m in Sources */ = {isa = PBXBuildFile; fileRef = A19D142F19541ACA005146CB /* JSMStaticSection.m */; };
		A19D143319541ADC005146CB /* JSMStaticRow.m in Sources */ = {isa = PBXBuildFile; fileRef = A19D143219541ADC005146CB /* JSMStaticRow.m */; };
		A19D1436195426A2005146CB /* JSMStaticDataSource.m in Sources */ = {isa = PBXBuildFile; fileRef = A19D1435195426A2005146CB /* JSMStaticDataSource.m */; };
		A1C0C4CD1B2AF177004561C9 /* JSMStaticDataSource+Convenience.m in Sources */ = {isa = PBXBuildFile; fileRef = A1C0C4CC1B2AF177004561C9 /* JSMStaticDataSource+Convenience.m */; };
		A1E0B4121AE5141D00C7E308 /* StaticTablesTests.m in Sources */ = {isa = PBXBuildFile; fileRef = A1E0B4111AE5141D00C7E308 /* StaticTablesTests.m */; };
		A1E0B4131AE5141D00C7E308 /* libStaticTables.a in Frameworks */ = {isa = PBXBuildFile; fileRef = A1713505185007F800E56C4D /* libStaticTables.a */; };
		A1E0B41A1AE514D800C7E308 /* StaticTablesDataSourceTests.m in Sources */ = {isa = PBXBuildFile; fileRef = A1E0B4191AE514D800C7E308 /* StaticTablesDataSourceTests.m */; };
/* End PBXBuildFile section */

/* Begin PBXContainerItemProxy section */
		A1E0B4141AE5141D00C7E308 /* PBXContainerItemProxy */ = {
			isa = PBXContainerItemProxy;
			containerPortal = A17134FD185007F800E56C4D /* Project object */;
			proxyType = 1;
			remoteGlobalIDString = A1713504185007F800E56C4D;
			remoteInfo = StaticTables;
		};
/* End PBXContainerItemProxy section */

/* Begin PBXCopyFilesBuildPhase section */
		A1713503185007F800E56C4D /* CopyFiles */ = {
			isa = PBXCopyFilesBuildPhase;
			buildActionMask = 2147483647;
			dstPath = "include/$(PRODUCT_NAME)";
			dstSubfolderSpec = 16;
			files = (
			);
			runOnlyForDeploymentPostprocessing = 0;
		};
/* End PBXCopyFilesBuildPhase section */

/* Begin PBXFileReference section */
		492A9D751983AD3500EC9CF0 /* JSMStaticSliderPreference.h */ = {isa = PBXFileReference; fileEncoding = 4; lastKnownFileType = sourcecode.c.h; path = JSMStaticSliderPreference.h; sourceTree = "<group>"; };
		492A9D761983AD3500EC9CF0 /* JSMStaticSliderPreference.m */ = {isa = PBXFileReference; fileEncoding = 4; lastKnownFileType = sourcecode.c.objc; path = JSMStaticSliderPreference.m; sourceTree = "<group>"; };
		A1486E4419599C330017CACD /* UITableView+StaticTables.h */ = {isa = PBXFileReference; fileEncoding = 4; lastKnownFileType = sourcecode.c.h; path = "UITableView+StaticTables.h"; sourceTree = "<group>"; };
		A1486E4519599C330017CACD /* UITableView+StaticTables.m */ = {isa = PBXFileReference; fileEncoding = 4; lastKnownFileType = sourcecode.c.objc; path = "UITableView+StaticTables.m"; sourceTree = "<group>"; };
		A1486E49195AE6E60017CACD /* JSMStaticPreference.h */ = {isa = PBXFileReference; fileEncoding = 4; lastKnownFileType = sourcecode.c.h; path = JSMStaticPreference.h; sourceTree = "<group>"; };
		A1486E4A195AE6E60017CACD /* JSMStaticPreference.m */ = {isa = PBXFileReference; fileEncoding = 4; lastKnownFileType = sourcecode.c.objc; path = JSMStaticPreference.m; sourceTree = "<group>"; };
		A1486E4C195DA3580017CACD /* JSMStaticTextPreference.h */ = {isa = PBXFileReference; fileEncoding = 4; lastKnownFileType = sourcecode.c.h; path = JSMStaticTextPreference.h; sourceTree = "<group>"; };
		A1486E4D195DA3580017CACD /* JSMStaticTextPreference.m */ = {isa = PBXFileReference; fileEncoding = 4; lastKnownFileType = sourcecode.c.objc; path = JSMStaticTextPreference.m; sourceTree = "<group>"; };
		A1486E4F19601B2F0017CACD /* JSMStaticBooleanPreference.h */ = {isa = PBXFileReference; fileEncoding = 4; lastKnownFileType = sourcecode.c.h; path = JSMStaticBooleanPreference.h; sourceTree = "<group>"; };
		A1486E5019601B2F0017CACD /* JSMStaticBooleanPreference.m */ = {isa = PBXFileReference; fileEncoding = 4; lastKnownFileType = sourcecode.c.objc; path = JSMStaticBooleanPreference.m; sourceTree = "<group>"; };
		A1486E5219601F550017CACD /* JSMStaticSelectPreference.h */ = {isa = PBXFileReference; fileEncoding = 4; lastKnownFileType = sourcecode.c.h; path = JSMStaticSelectPreference.h; sourceTree = "<group>"; };
		A1486E5319601F550017CACD /* JSMStaticSelectPreference.m */ = {isa = PBXFileReference; fileEncoding = 4; lastKnownFileType = sourcecode.c.objc; path = JSMStaticSelectPreference.m; sourceTree = "<group>"; };
		A1486E551960223F0017CACD /* JSMStaticSelectPreferenceViewController.h */ = {isa = PBXFileReference; fileEncoding = 4; lastKnownFileType = sourcecode.c.h; path = JSMStaticSelectPreferenceViewController.h; sourceTree = "<group>"; };
		A1486E561960223F0017CACD /* JSMStaticSelectPreferenceViewController.m */ = {isa = PBXFileReference; fileEncoding = 4; lastKnownFileType = sourcecode.c.objc; path = JSMStaticSelectPreferenceViewController.m; sourceTree = "<group>"; };
		A14B567A19604EEC00C2A701 /* JSMStaticTableViewController.h */ = {isa = PBXFileReference; fileEncoding = 4; lastKnownFileType = sourcecode.c.h; path = JSMStaticTableViewController.h; sourceTree = "<group>"; };
		A14B567B19604EEC00C2A701 /* JSMStaticTableViewController.m */ = {isa = PBXFileReference; fileEncoding = 4; lastKnownFileType = sourcecode.c.objc; path = JSMStaticTableViewController.m; sourceTree = "<group>"; };
		A1713505185007F800E56C4D /* libStaticTables.a */ = {isa = PBXFileReference; explicitFileType = archive.ar; includeInIndex = 0; path = libStaticTables.a; sourceTree = BUILT_PRODUCTS_DIR; };
		A1713508185007F800E56C4D /* Foundation.framework */ = {isa = PBXFileReference; lastKnownFileType = wrapper.framework; name = Foundation.framework; path = System/Library/Frameworks/Foundation.framework; sourceTree = SDKROOT; };
		A171352E185008F400E56C4D /* LICENSE */ = {isa = PBXFileReference; lastKnownFileType = text; path = LICENSE; sourceTree = "<group>"; };
		A171352F185008F400E56C4D /* README.md */ = {isa = PBXFileReference; lastKnownFileType = text; path = README.md; sourceTree = "<group>"; };
		A17135301850090C00E56C4D /* StaticTables.podspec */ = {isa = PBXFileReference; lastKnownFileType = text; path = StaticTables.podspec; sourceTree = "<group>"; };
		A17135311850094B00E56C4D /* StaticTables_Prefix.pch */ = {isa = PBXFileReference; lastKnownFileType = sourcecode.c.h; path = StaticTables_Prefix.pch; sourceTree = SOURCE_ROOT; };
		A1713536185009F100E56C4D /* UIKit.framework */ = {isa = PBXFileReference; lastKnownFileType = wrapper.framework; name = UIKit.framework; path = System/Library/Frameworks/UIKit.framework; sourceTree = SDKROOT; };
		A171353818500A1A00E56C4D /* StaticTables.h */ = {isa = PBXFileReference; fileEncoding = 4; lastKnownFileType = sourcecode.c.h; path = StaticTables.h; sourceTree = "<group>"; };
		A18D9BF01B44E64F00F43BF5 /* StaticTables.framework */ = {isa = PBXFileReference; explicitFileType = wrapper.framework; includeInIndex = 0; path = StaticTables.framework; sourceTree = BUILT_PRODUCTS_DIR; };
		A18D9C251B44E7EB00F43BF5 /* Info.plist */ = {isa = PBXFileReference; fileEncoding = 4; lastKnownFileType = text.plist.xml; path = Info.plist; sourceTree = "<group>"; };
		A19D142E19541ACA005146CB /* JSMStaticSection.h */ = {isa = PBXFileReference; fileEncoding = 4; lastKnownFileType = sourcecode.c.h; path = JSMStaticSection.h; sourceTree = "<group>"; };
		A19D142F19541ACA005146CB /* JSMStaticSection.m */ = {isa = PBXFileReference; fileEncoding = 4; lastKnownFileType = sourcecode.c.objc; path = JSMStaticSection.m; sourceTree = "<group>"; };
		A19D143119541ADC005146CB /* JSMStaticRow.h */ = {isa = PBXFileReference; fileEncoding = 4; lastKnownFileType = sourcecode.c.h; path = JSMStaticRow.h; sourceTree = "<group>"; };
		A19D143219541ADC005146CB /* JSMStaticRow.m */ = {isa = PBXFileReference; fileEncoding = 4; lastKnownFileType = sourcecode.c.objc; path = JSMStaticRow.m; sourceTree = "<group>"; };
		A19D1434195426A2005146CB /* JSMStaticDataSource.h */ = {isa = PBXFileReference; fileEncoding = 4; lastKnownFileType = sourcecode.c.h; path = JSMStaticDataSource.h; sourceTree = "<group>"; };
		A19D1435195426A2005146CB /* JSMStaticDataSource.m */ = {isa = PBXFileReference; fileEncoding = 4; lastKnownFileType = sourcecode.c.objc; path = JSMStaticDataSource.m; sourceTree = "<group>"; };
		A1C0C4CB1B2AF177004561C9 /* JSMStaticDataSource+Convenience.h */ = {isa = PBXFileReference; fileEncoding = 4; lastKnownFileType = sourcecode.c.h; path = "JSMStaticDataSource+Convenience.h"; sourceTree = "<group>"; };
		A1C0C4CC1B2AF177004561C9 /* JSMStaticDataSource+Convenience.m */ = {isa = PBXFileReference; fileEncoding = 4; lastKnownFileType = sourcecode.c.objc; path = "JSMStaticDataSource+Convenience.m"; sourceTree = "<group>"; };
		A1E0B40D1AE5141D00C7E308 /* StaticTablesTests.xctest */ = {isa = PBXFileReference; explicitFileType = wrapper.cfbundle; includeInIndex = 0; path = StaticTablesTests.xctest; sourceTree = BUILT_PRODUCTS_DIR; };
		A1E0B4101AE5141D00C7E308 /* Info.plist */ = {isa = PBXFileReference; lastKnownFileType = text.plist.xml; path = Info.plist; sourceTree = "<group>"; };
		A1E0B4111AE5141D00C7E308 /* StaticTablesTests.m */ = {isa = PBXFileReference; lastKnownFileType = sourcecode.c.objc; path = StaticTablesTests.m; sourceTree = "<group>"; };
		A1E0B4191AE514D800C7E308 /* StaticTablesDataSourceTests.m */ = {isa = PBXFileReference; fileEncoding = 4; lastKnownFileType = sourcecode.c.objc; path = StaticTablesDataSourceTests.m; sourceTree = "<group>"; };
/* End PBXFileReference section */

/* Begin PBXFrameworksBuildPhase section */
		A1713502185007F800E56C4D /* Frameworks */ = {
			isa = PBXFrameworksBuildPhase;
			buildActionMask = 2147483647;
			files = (
				A1713537185009F100E56C4D /* UIKit.framework in Frameworks */,
				A1713509185007F800E56C4D /* Foundation.framework in Frameworks */,
			);
			runOnlyForDeploymentPostprocessing = 0;
		};
		A18D9BEC1B44E64F00F43BF5 /* Frameworks */ = {
			isa = PBXFrameworksBuildPhase;
			buildActionMask = 2147483647;
			files = (
				A18D9C151B44E74800F43BF5 /* UIKit.framework in Frameworks */,
				A18D9C161B44E75200F43BF5 /* Foundation.framework in Frameworks */,
			);
			runOnlyForDeploymentPostprocessing = 0;
		};
		A1E0B40A1AE5141D00C7E308 /* Frameworks */ = {
			isa = PBXFrameworksBuildPhase;
			buildActionMask = 2147483647;
			files = (
				A1E0B4131AE5141D00C7E308 /* libStaticTables.a in Frameworks */,
			);
			runOnlyForDeploymentPostprocessing = 0;
		};
/* End PBXFrameworksBuildPhase section */

/* Begin PBXGroup section */
		A1486E48195AE6B30017CACD /* Data Structure */ = {
			isa = PBXGroup;
			children = (
				A19D1434195426A2005146CB /* JSMStaticDataSource.h */,
				A19D1435195426A2005146CB /* JSMStaticDataSource.m */,
				A1C0C4CB1B2AF177004561C9 /* JSMStaticDataSource+Convenience.h */,
				A1C0C4CC1B2AF177004561C9 /* JSMStaticDataSource+Convenience.m */,
				A19D142E19541ACA005146CB /* JSMStaticSection.h */,
				A19D142F19541ACA005146CB /* JSMStaticSection.m */,
				A19D143119541ADC005146CB /* JSMStaticRow.h */,
				A19D143219541ADC005146CB /* JSMStaticRow.m */,
			);
			name = "Data Structure";
			sourceTree = "<group>";
		};
		A17134FC185007F800E56C4D = {
			isa = PBXGroup;
			children = (
				A171350A185007F800E56C4D /* StaticTables */,
				A1E0B40E1AE5141D00C7E308 /* StaticTablesTests */,
				A1713507185007F800E56C4D /* Frameworks */,
				A171351F185007F800E56C4D /* Supporting Files */,
				A1713506185007F800E56C4D /* Products */,
				A171352E185008F400E56C4D /* LICENSE */,
				A171352F185008F400E56C4D /* README.md */,
				A17135301850090C00E56C4D /* StaticTables.podspec */,
			);
			sourceTree = "<group>";
		};
		A1713506185007F800E56C4D /* Products */ = {
			isa = PBXGroup;
			children = (
				A1713505185007F800E56C4D /* libStaticTables.a */,
				A1E0B40D1AE5141D00C7E308 /* StaticTablesTests.xctest */,
				A18D9BF01B44E64F00F43BF5 /* StaticTables.framework */,
			);
			name = Products;
			sourceTree = "<group>";
		};
		A1713507185007F800E56C4D /* Frameworks */ = {
			isa = PBXGroup;
			children = (
				A1713536185009F100E56C4D /* UIKit.framework */,
				A1713508185007F800E56C4D /* Foundation.framework */,
			);
			name = Frameworks;
			sourceTree = "<group>";
		};
		A171350A185007F800E56C4D /* StaticTables */ = {
			isa = PBXGroup;
			children = (
				A171353818500A1A00E56C4D /* StaticTables.h */,
				A1486E4419599C330017CACD /* UITableView+StaticTables.h */,
				A1486E4519599C330017CACD /* UITableView+StaticTables.m */,
				A14B567A19604EEC00C2A701 /* JSMStaticTableViewController.h */,
				A14B567B19604EEC00C2A701 /* JSMStaticTableViewController.m */,
				A1486E48195AE6B30017CACD /* Data Structure */,
				A1FEE5DE18AEE41200F36186 /* Preferences */,
				A18D9C241B44E7DB00F43BF5 /* Supporting Files */,
			);
			name = StaticTables;
			path = src/StaticTables;
			sourceTree = "<group>";
		};
		A171351F185007F800E56C4D /* Supporting Files */ = {
			isa = PBXGroup;
			children = (
				A17135311850094B00E56C4D /* StaticTables_Prefix.pch */,
			);
			name = "Supporting Files";
			path = JSMStaticTablesTests;
			sourceTree = "<group>";
		};
		A18D9C241B44E7DB00F43BF5 /* Supporting Files */ = {
			isa = PBXGroup;
			children = (
				A18D9C251B44E7EB00F43BF5 /* Info.plist */,
			);
			name = "Supporting Files";
			sourceTree = "<group>";
		};
		A1E0B40E1AE5141D00C7E308 /* StaticTablesTests */ = {
			isa = PBXGroup;
			children = (
				A1E0B4111AE5141D00C7E308 /* StaticTablesTests.m */,
				A1E0B4191AE514D800C7E308 /* StaticTablesDataSourceTests.m */,
				A1E0B40F1AE5141D00C7E308 /* Supporting Files */,
			);
			name = StaticTablesTests;
			path = src/StaticTablesTests;
			sourceTree = "<group>";
		};
		A1E0B40F1AE5141D00C7E308 /* Supporting Files */ = {
			isa = PBXGroup;
			children = (
				A1E0B4101AE5141D00C7E308 /* Info.plist */,
			);
			name = "Supporting Files";
			sourceTree = "<group>";
		};
		A1FEE5DE18AEE41200F36186 /* Preferences */ = {
			isa = PBXGroup;
			children = (
				A1486E49195AE6E60017CACD /* JSMStaticPreference.h */,
				A1486E4A195AE6E60017CACD /* JSMStaticPreference.m */,
				A1486E4C195DA3580017CACD /* JSMStaticTextPreference.h */,
				A1486E4D195DA3580017CACD /* JSMStaticTextPreference.m */,
				A1486E4F19601B2F0017CACD /* JSMStaticBooleanPreference.h */,
				A1486E5019601B2F0017CACD /* JSMStaticBooleanPreference.m */,
				A1486E5219601F550017CACD /* JSMStaticSelectPreference.h */,
				A1486E5319601F550017CACD /* JSMStaticSelectPreference.m */,
				A1486E551960223F0017CACD /* JSMStaticSelectPreferenceViewController.h */,
				A1486E561960223F0017CACD /* JSMStaticSelectPreferenceViewController.m */,
				492A9D751983AD3500EC9CF0 /* JSMStaticSliderPreference.h */,
				492A9D761983AD3500EC9CF0 /* JSMStaticSliderPreference.m */,
			);
			name = Preferences;
			sourceTree = "<group>";
		};
/* End PBXGroup section */

/* Begin PBXHeadersBuildPhase section */
		A18D9BED1B44E64F00F43BF5 /* Headers */ = {
			isa = PBXHeadersBuildPhase;
			buildActionMask = 2147483647;
			files = (
				A18D9C321B44F0D200F43BF5 /* StaticTables.h in Headers */,
				A18D9C181B44E76D00F43BF5 /* UITableView+StaticTables.h in Headers */,
				A18D9C191B44E76D00F43BF5 /* JSMStaticTableViewController.h in Headers */,
				A18D9C1A1B44E76D00F43BF5 /* JSMStaticDataSource.h in Headers */,
				A18D9C1B1B44E76D00F43BF5 /* JSMStaticDataSource+Convenience.h in Headers */,
				A18D9C1C1B44E76D00F43BF5 /* JSMStaticSection.h in Headers */,
				A18D9C1D1B44E76D00F43BF5 /* JSMStaticRow.h in Headers */,
				A18D9C1E1B44E76D00F43BF5 /* JSMStaticPreference.h in Headers */,
				A18D9C1F1B44E76D00F43BF5 /* JSMStaticTextPreference.h in Headers */,
				A18D9C201B44E76D00F43BF5 /* JSMStaticBooleanPreference.h in Headers */,
				A18D9C211B44E76D00F43BF5 /* JSMStaticSelectPreference.h in Headers */,
				A18D9C221B44E76D00F43BF5 /* JSMStaticSelectPreferenceViewController.h in Headers */,
				A18D9C231B44E76D00F43BF5 /* JSMStaticSliderPreference.h in Headers */,
			);
			runOnlyForDeploymentPostprocessing = 0;
		};
/* End PBXHeadersBuildPhase section */

/* Begin PBXNativeTarget section */
		A1713504185007F800E56C4D /* libStaticTables */ = {
			isa = PBXNativeTarget;
			buildConfigurationList = A1713528185007F800E56C4D /* Build configuration list for PBXNativeTarget "libStaticTables" */;
			buildPhases = (
				A1713501185007F800E56C4D /* Sources */,
				A1713502185007F800E56C4D /* Frameworks */,
				A1713503185007F800E56C4D /* CopyFiles */,
			);
			buildRules = (
			);
			dependencies = (
			);
			name = libStaticTables;
			productName = JSMStaticTables;
			productReference = A1713505185007F800E56C4D /* libStaticTables.a */;
			productType = "com.apple.product-type.library.static";
		};
		A18D9BEF1B44E64F00F43BF5 /* StaticTables */ = {
			isa = PBXNativeTarget;
			buildConfigurationList = A18D9C031B44E64F00F43BF5 /* Build configuration list for PBXNativeTarget "StaticTables" */;
			buildPhases = (
				A18D9BEB1B44E64F00F43BF5 /* Sources */,
				A18D9BEC1B44E64F00F43BF5 /* Frameworks */,
				A18D9BED1B44E64F00F43BF5 /* Headers */,
				A18D9BEE1B44E64F00F43BF5 /* Resources */,
			);
			buildRules = (
			);
			dependencies = (
			);
			name = StaticTables;
			productName = StaticTables;
			productReference = A18D9BF01B44E64F00F43BF5 /* StaticTables.framework */;
			productType = "com.apple.product-type.framework";
		};
		A1E0B40C1AE5141D00C7E308 /* StaticTablesTests */ = {
			isa = PBXNativeTarget;
			buildConfigurationList = A1E0B4181AE5141D00C7E308 /* Build configuration list for PBXNativeTarget "StaticTablesTests" */;
			buildPhases = (
				A1E0B4091AE5141D00C7E308 /* Sources */,
				A1E0B40A1AE5141D00C7E308 /* Frameworks */,
				A1E0B40B1AE5141D00C7E308 /* Resources */,
			);
			buildRules = (
			);
			dependencies = (
				A1E0B4151AE5141D00C7E308 /* PBXTargetDependency */,
			);
			name = StaticTablesTests;
			productName = StaticTablesTests;
			productReference = A1E0B40D1AE5141D00C7E308 /* StaticTablesTests.xctest */;
			productType = "com.apple.product-type.bundle.unit-test";
		};
/* End PBXNativeTarget section */

/* Begin PBXProject section */
		A17134FD185007F800E56C4D /* Project object */ = {
			isa = PBXProject;
			attributes = {
				LastUpgradeCheck = 0700;
				ORGANIZATIONNAME = "Daniel Farrelly";
				TargetAttributes = {
					A18D9BEF1B44E64F00F43BF5 = {
						CreatedOnToolsVersion = 6.4;
					};
					A1E0B40C1AE5141D00C7E308 = {
						CreatedOnToolsVersion = 6.3;
					};
				};
			};
			buildConfigurationList = A1713500185007F800E56C4D /* Build configuration list for PBXProject "StaticTables" */;
			compatibilityVersion = "Xcode 3.2";
			developmentRegion = English;
			hasScannedForEncodings = 0;
			knownRegions = (
				en,
			);
			mainGroup = A17134FC185007F800E56C4D;
			productRefGroup = A1713506185007F800E56C4D /* Products */;
			projectDirPath = "";
			projectRoot = "";
			targets = (
				A1713504185007F800E56C4D /* libStaticTables */,
				A18D9BEF1B44E64F00F43BF5 /* StaticTables */,
				A1E0B40C1AE5141D00C7E308 /* StaticTablesTests */,
				A1713532185009D900E56C4D /* Documentation */,
			);
		};
/* End PBXProject section */

/* Begin PBXResourcesBuildPhase section */
		A18D9BEE1B44E64F00F43BF5 /* Resources */ = {
			isa = PBXResourcesBuildPhase;
			buildActionMask = 2147483647;
			files = (
			);
			runOnlyForDeploymentPostprocessing = 0;
		};
		A1E0B40B1AE5141D00C7E308 /* Resources */ = {
			isa = PBXResourcesBuildPhase;
			buildActionMask = 2147483647;
			files = (
			);
			runOnlyForDeploymentPostprocessing = 0;
		};
/* End PBXResourcesBuildPhase section */

/* Begin PBXShellScriptBuildPhase section */
		A171353918500A8200E56C4D /* Generate Documentation */ = {
			isa = PBXShellScriptBuildPhase;
			buildActionMask = 2147483647;
			files = (
			);
			inputPaths = (
			);
			name = "Generate Documentation";
			outputPaths = (
			);
			runOnlyForDeploymentPostprocessing = 0;
			shellPath = /bin/sh;
			shellScript = "/usr/local/bin/appledoc \\\n--ignore example \\\n--ignore .m \\\n--create-html \\\n--create-docset \\\n--install-docset \\\n--keep-intermediate-files \\\n--project-name \"StaticTables\" \\\n--project-company \"JellyStyle Media\" \\\n--company-id \"com.jellystyle\" \\\n--docset-platform-family \"iphoneos\" \\\n--merge-categories \\\n--no-repeat-first-par \\\n--warn-undocumented-object \\\n--warn-undocumented-member \\\n--warn-empty-description \\\n--warn-unknown-directive \\\n--warn-invalid-crossref \\\n--warn-missing-arg \\\n--logformat xcode \\\n--exit-threshold 2 \\\n--output \"docs\" \\\n\"${SRCROOT}\"";
		};
/* End PBXShellScriptBuildPhase section */

/* Begin PBXSourcesBuildPhase section */
		A1713501185007F800E56C4D /* Sources */ = {
			isa = PBXSourcesBuildPhase;
			buildActionMask = 2147483647;
			files = (
				A19D143319541ADC005146CB /* JSMStaticRow.m in Sources */,
				A1486E4B195AE6E60017CACD /* JSMStaticPreference.m in Sources */,
				A1486E4E195DA3580017CACD /* JSMStaticTextPreference.m in Sources */,
				A1486E571960223F0017CACD /* JSMStaticSelectPreferenceViewController.m in Sources */,
				A19D143019541ACA005146CB /* JSMStaticSection.m in Sources */,
				A1486E5419601F550017CACD /* JSMStaticSelectPreference.m in Sources */,
				A19D1436195426A2005146CB /* JSMStaticDataSource.m in Sources */,
				A14B567C19604EEC00C2A701 /* JSMStaticTableViewController.m in Sources */,
				A1486E4619599C330017CACD /* UITableView+StaticTables.m in Sources */,
				492A9D771983AD3500EC9CF0 /* JSMStaticSliderPreference.m in Sources */,
				A1486E5119601B2F0017CACD /* JSMStaticBooleanPreference.m in Sources */,
				A1C0C4CD1B2AF177004561C9 /* JSMStaticDataSource+Convenience.m in Sources */,
			);
			runOnlyForDeploymentPostprocessing = 0;
		};
		A18D9BEB1B44E64F00F43BF5 /* Sources */ = {
			isa = PBXSourcesBuildPhase;
			buildActionMask = 2147483647;
			files = (
				A18D9C0B1B44E71800F43BF5 /* JSMStaticDataSource.m in Sources */,
				A18D9C131B44E71800F43BF5 /* JSMStaticSelectPreferenceViewController.m in Sources */,
				A18D9C0E1B44E71800F43BF5 /* JSMStaticRow.m in Sources */,
				A18D9C101B44E71800F43BF5 /* JSMStaticTextPreference.m in Sources */,
				A18D9C0F1B44E71800F43BF5 /* JSMStaticPreference.m in Sources */,
				A18D9C111B44E71800F43BF5 /* JSMStaticBooleanPreference.m in Sources */,
				A18D9C0A1B44E71800F43BF5 /* JSMStaticTableViewController.m in Sources */,
				A18D9C091B44E71800F43BF5 /* UITableView+StaticTables.m in Sources */,
				A18D9C121B44E71800F43BF5 /* JSMStaticSelectPreference.m in Sources */,
				A18D9C0D1B44E71800F43BF5 /* JSMStaticSection.m in Sources */,
				A18D9C141B44E71800F43BF5 /* JSMStaticSliderPreference.m in Sources */,
				A18D9C0C1B44E71800F43BF5 /* JSMStaticDataSource+Convenience.m in Sources */,
			);
			runOnlyForDeploymentPostprocessing = 0;
		};
		A1E0B4091AE5141D00C7E308 /* Sources */ = {
			isa = PBXSourcesBuildPhase;
			buildActionMask = 2147483647;
			files = (
				A1E0B4121AE5141D00C7E308 /* StaticTablesTests.m in Sources */,
				A1E0B41A1AE514D800C7E308 /* StaticTablesDataSourceTests.m in Sources */,
			);
			runOnlyForDeploymentPostprocessing = 0;
		};
/* End PBXSourcesBuildPhase section */

/* Begin PBXTargetDependency section */
		A1E0B4151AE5141D00C7E308 /* PBXTargetDependency */ = {
			isa = PBXTargetDependency;
			target = A1713504185007F800E56C4D /* libStaticTables */;
			targetProxy = A1E0B4141AE5141D00C7E308 /* PBXContainerItemProxy */;
		};
/* End PBXTargetDependency section */

/* Begin XCBuildConfiguration section */
		A1713526185007F800E56C4D /* Debug */ = {
			isa = XCBuildConfiguration;
			buildSettings = {
				ALWAYS_SEARCH_USER_PATHS = NO;
				CLANG_CXX_LANGUAGE_STANDARD = "gnu++0x";
				CLANG_CXX_LIBRARY = "libc++";
				CLANG_ENABLE_MODULES = YES;
				CLANG_ENABLE_OBJC_ARC = YES;
				CLANG_WARN_BOOL_CONVERSION = YES;
				CLANG_WARN_CONSTANT_CONVERSION = YES;
				CLANG_WARN_DIRECT_OBJC_ISA_USAGE = YES_ERROR;
				CLANG_WARN_EMPTY_BODY = YES;
				CLANG_WARN_ENUM_CONVERSION = YES;
				CLANG_WARN_INT_CONVERSION = YES;
				CLANG_WARN_OBJC_ROOT_CLASS = YES_ERROR;
				CLANG_WARN__DUPLICATE_METHOD_MATCH = YES;
				COPY_PHASE_STRIP = NO;
				ENABLE_TESTABILITY = YES;
				GCC_C_LANGUAGE_STANDARD = gnu99;
				GCC_DYNAMIC_NO_PIC = NO;
				GCC_OPTIMIZATION_LEVEL = 0;
				GCC_PREPROCESSOR_DEFINITIONS = (
					"DEBUG=1",
					"$(inherited)",
				);
				GCC_SYMBOLS_PRIVATE_EXTERN = NO;
				GCC_WARN_64_TO_32_BIT_CONVERSION = YES;
				GCC_WARN_ABOUT_RETURN_TYPE = YES_ERROR;
				GCC_WARN_UNDECLARED_SELECTOR = YES;
				GCC_WARN_UNINITIALIZED_AUTOS = YES;
				GCC_WARN_UNUSED_FUNCTION = YES;
				GCC_WARN_UNUSED_VARIABLE = YES;
				IPHONEOS_DEPLOYMENT_TARGET = 7.0;
				ONLY_ACTIVE_ARCH = YES;
				SDKROOT = iphoneos;
			};
			name = Debug;
		};
		A1713527185007F800E56C4D /* Release */ = {
			isa = XCBuildConfiguration;
			buildSettings = {
				ALWAYS_SEARCH_USER_PATHS = NO;
				CLANG_CXX_LANGUAGE_STANDARD = "gnu++0x";
				CLANG_CXX_LIBRARY = "libc++";
				CLANG_ENABLE_MODULES = YES;
				CLANG_ENABLE_OBJC_ARC = YES;
				CLANG_WARN_BOOL_CONVERSION = YES;
				CLANG_WARN_CONSTANT_CONVERSION = YES;
				CLANG_WARN_DIRECT_OBJC_ISA_USAGE = YES_ERROR;
				CLANG_WARN_EMPTY_BODY = YES;
				CLANG_WARN_ENUM_CONVERSION = YES;
				CLANG_WARN_INT_CONVERSION = YES;
				CLANG_WARN_OBJC_ROOT_CLASS = YES_ERROR;
				CLANG_WARN__DUPLICATE_METHOD_MATCH = YES;
				COPY_PHASE_STRIP = YES;
				ENABLE_NS_ASSERTIONS = NO;
				GCC_C_LANGUAGE_STANDARD = gnu99;
				GCC_WARN_64_TO_32_BIT_CONVERSION = YES;
				GCC_WARN_ABOUT_RETURN_TYPE = YES_ERROR;
				GCC_WARN_UNDECLARED_SELECTOR = YES;
				GCC_WARN_UNINITIALIZED_AUTOS = YES;
				GCC_WARN_UNUSED_FUNCTION = YES;
				GCC_WARN_UNUSED_VARIABLE = YES;
				IPHONEOS_DEPLOYMENT_TARGET = 7.0;
				SDKROOT = iphoneos;
				VALIDATE_PRODUCT = YES;
			};
			name = Release;
		};
		A1713529185007F800E56C4D /* Debug */ = {
			isa = XCBuildConfiguration;
			buildSettings = {
				CODE_SIGN_IDENTITY = "iPhone Developer";
				DSTROOT = /tmp/JSMStaticTables.dst;
				GCC_PRECOMPILE_PREFIX_HEADER = YES;
				GCC_PREFIX_HEADER = StaticTables_Prefix.pch;
				MACH_O_TYPE = staticlib;
				ONLY_ACTIVE_ARCH = NO;
				OTHER_LDFLAGS = "-ObjC";
				PRODUCT_NAME = StaticTables;
				PUBLIC_HEADERS_FOLDER_PATH = include/StaticTables;
				SKIP_INSTALL = YES;
			};
			name = Debug;
		};
		A171352A185007F800E56C4D /* Release */ = {
			isa = XCBuildConfiguration;
			buildSettings = {
				CODE_SIGN_IDENTITY = "iPhone Developer";
				DSTROOT = /tmp/JSMStaticTables.dst;
				GCC_PRECOMPILE_PREFIX_HEADER = YES;
				GCC_PREFIX_HEADER = StaticTables_Prefix.pch;
				MACH_O_TYPE = staticlib;
				ONLY_ACTIVE_ARCH = NO;
				OTHER_LDFLAGS = "-ObjC";
				PRODUCT_NAME = StaticTables;
				PUBLIC_HEADERS_FOLDER_PATH = include/StaticTables;
				SKIP_INSTALL = YES;
			};
			name = Release;
		};
		A1713534185009D900E56C4D /* Debug */ = {
			isa = XCBuildConfiguration;
			buildSettings = {
				CODE_SIGN_IDENTITY = "iPhone Developer";
				PRODUCT_NAME = "$(TARGET_NAME)";
			};
			name = Debug;
		};
		A1713535185009D900E56C4D /* Release */ = {
			isa = XCBuildConfiguration;
			buildSettings = {
				CODE_SIGN_IDENTITY = "iPhone Developer";
				PRODUCT_NAME = "$(TARGET_NAME)";
			};
			name = Release;
		};
		A18D9C041B44E64F00F43BF5 /* Debug */ = {
			isa = XCBuildConfiguration;
			buildSettings = {
				CLANG_WARN_UNREACHABLE_CODE = YES;
				"CODE_SIGN_IDENTITY[sdk=iphoneos*]" = "iPhone Developer";
				CURRENT_PROJECT_VERSION = 1;
				DEBUG_INFORMATION_FORMAT = "dwarf-with-dsym";
				DEFINES_MODULE = YES;
				DYLIB_COMPATIBILITY_VERSION = 1;
				DYLIB_CURRENT_VERSION = 1;
				DYLIB_INSTALL_NAME_BASE = "@rpath";
				ENABLE_STRICT_OBJC_MSGSEND = YES;
				GCC_NO_COMMON_BLOCKS = YES;
				GCC_PREPROCESSOR_DEFINITIONS = (
					"DEBUG=1",
					"$(inherited)",
				);
				GCC_WARN_UNINITIALIZED_AUTOS = YES_AGGRESSIVE;
				INFOPLIST_FILE = src/StaticTables/Info.plist;
				INSTALL_PATH = "@executable_path/Frameworks";
				IPHONEOS_DEPLOYMENT_TARGET = 8.4;
				LD_RUNPATH_SEARCH_PATHS = "$(inherited) @executable_path/Frameworks @loader_path/Frameworks";
				MTL_ENABLE_DEBUG_INFO = YES;
				PRODUCT_BUNDLE_IDENTIFIER = "com.jellystyle.$(PRODUCT_NAME:rfc1034identifier)";
				PRODUCT_NAME = "$(TARGET_NAME)";
				SKIP_INSTALL = YES;
				TARGETED_DEVICE_FAMILY = "1,2";
				VERSIONING_SYSTEM = "apple-generic";
				VERSION_INFO_PREFIX = "";
			};
			name = Debug;
		};
		A18D9C051B44E64F00F43BF5 /* Release */ = {
			isa = XCBuildConfiguration;
			buildSettings = {
				CLANG_WARN_UNREACHABLE_CODE = YES;
				"CODE_SIGN_IDENTITY[sdk=iphoneos*]" = "iPhone Distribution";
				COPY_PHASE_STRIP = NO;
				CURRENT_PROJECT_VERSION = 1;
				DEBUG_INFORMATION_FORMAT = "dwarf-with-dsym";
				DEFINES_MODULE = YES;
				DYLIB_COMPATIBILITY_VERSION = 1;
				DYLIB_CURRENT_VERSION = 1;
				DYLIB_INSTALL_NAME_BASE = "@rpath";
				ENABLE_STRICT_OBJC_MSGSEND = YES;
				GCC_NO_COMMON_BLOCKS = YES;
				GCC_WARN_UNINITIALIZED_AUTOS = YES_AGGRESSIVE;
				INFOPLIST_FILE = src/StaticTables/Info.plist;
				INSTALL_PATH = "@executable_path/Frameworks";
				IPHONEOS_DEPLOYMENT_TARGET = 8.4;
				LD_DYLIB_INSTALL_NAME = "@executable_path/Frameworks/$(EXECUTABLE_PATH)";
				LD_RUNPATH_SEARCH_PATHS = "$(inherited) @executable_path/Frameworks @loader_path/Frameworks";
				MTL_ENABLE_DEBUG_INFO = NO;
				PRODUCT_BUNDLE_IDENTIFIER = "com.jellystyle.$(PRODUCT_NAME:rfc1034identifier)";
				PRODUCT_NAME = "$(TARGET_NAME)";
				SKIP_INSTALL = YES;
				TARGETED_DEVICE_FAMILY = "1,2";
				VERSIONING_SYSTEM = "apple-generic";
				VERSION_INFO_PREFIX = "";
			};
			name = Release;
		};
		A1E0B4161AE5141D00C7E308 /* Debug */ = {
			isa = XCBuildConfiguration;
			buildSettings = {
				CLANG_WARN_UNREACHABLE_CODE = YES;
				CODE_SIGN_IDENTITY = "iPhone Developer";
				DEBUG_INFORMATION_FORMAT = "dwarf-with-dsym";
				ENABLE_STRICT_OBJC_MSGSEND = YES;
				FRAMEWORK_SEARCH_PATHS = (
					"$(SDKROOT)/Developer/Library/Frameworks",
					"$(inherited)",
				);
				GCC_NO_COMMON_BLOCKS = YES;
				GCC_PREPROCESSOR_DEFINITIONS = (
					"DEBUG=1",
					"$(inherited)",
				);
				GCC_WARN_UNINITIALIZED_AUTOS = YES_AGGRESSIVE;
				INFOPLIST_FILE = src/StaticTablesTests/Info.plist;
				IPHONEOS_DEPLOYMENT_TARGET = 8.3;
				LD_RUNPATH_SEARCH_PATHS = "$(inherited) @executable_path/Frameworks @loader_path/Frameworks";
				MTL_ENABLE_DEBUG_INFO = YES;
				PRODUCT_BUNDLE_IDENTIFIER = "com.jellystyle.$(PRODUCT_NAME:rfc1034identifier)";
				PRODUCT_NAME = "$(TARGET_NAME)";
			};
			name = Debug;
		};
		A1E0B4171AE5141D00C7E308 /* Release */ = {
			isa = XCBuildConfiguration;
			buildSettings = {
				CLANG_WARN_UNREACHABLE_CODE = YES;
				CODE_SIGN_IDENTITY = "iPhone Developer";
				COPY_PHASE_STRIP = NO;
				DEBUG_INFORMATION_FORMAT = "dwarf-with-dsym";
				ENABLE_STRICT_OBJC_MSGSEND = YES;
				FRAMEWORK_SEARCH_PATHS = (
					"$(SDKROOT)/Developer/Library/Frameworks",
					"$(inherited)",
				);
				GCC_NO_COMMON_BLOCKS = YES;
				GCC_WARN_UNINITIALIZED_AUTOS = YES_AGGRESSIVE;
				INFOPLIST_FILE = src/StaticTablesTests/Info.plist;
				IPHONEOS_DEPLOYMENT_TARGET = 8.3;
				LD_RUNPATH_SEARCH_PATHS = "$(inherited) @executable_path/Frameworks @loader_path/Frameworks";
				MTL_ENABLE_DEBUG_INFO = NO;
				PRODUCT_BUNDLE_IDENTIFIER = "com.jellystyle.$(PRODUCT_NAME:rfc1034identifier)";
				PRODUCT_NAME = "$(TARGET_NAME)";
			};
			name = Release;
		};
/* End XCBuildConfiguration section */

/* Begin XCConfigurationList section */
		A1713500185007F800E56C4D /* Build configuration list for PBXProject "StaticTables" */ = {
			isa = XCConfigurationList;
			buildConfigurations = (
				A1713526185007F800E56C4D /* Debug */,
				A1713527185007F800E56C4D /* Release */,
			);
			defaultConfigurationIsVisible = 0;
			defaultConfigurationName = Release;
		};
		A1713528185007F800E56C4D /* Build configuration list for PBXNativeTarget "libStaticTables" */ = {
			isa = XCConfigurationList;
			buildConfigurations = (
				A1713529185007F800E56C4D /* Debug */,
				A171352A185007F800E56C4D /* Release */,
			);
			defaultConfigurationIsVisible = 0;
			defaultConfigurationName = Release;
		};
		A1713533185009D900E56C4D /* Build configuration list for PBXAggregateTarget "Documentation" */ = {
			isa = XCConfigurationList;
			buildConfigurations = (
				A1713534185009D900E56C4D /* Debug */,
				A1713535185009D900E56C4D /* Release */,
			);
			defaultConfigurationIsVisible = 0;
			defaultConfigurationName = Release;
		};
		A18D9C031B44E64F00F43BF5 /* Build configuration list for PBXNativeTarget "StaticTables" */ = {
			isa = XCConfigurationList;
			buildConfigurations = (
				A18D9C041B44E64F00F43BF5 /* Debug */,
				A18D9C051B44E64F00F43BF5 /* Release */,
			);
			defaultConfigurationIsVisible = 0;
			defaultConfigurationName = Release;
		};
		A1E0B4181AE5141D00C7E308 /* Build configuration list for PBXNativeTarget "StaticTablesTests" */ = {
			isa = XCConfigurationList;
			buildConfigurations = (
				A1E0B4161AE5141D00C7E308 /* Debug */,
				A1E0B4171AE5141D00C7E308 /* Release */,
			);
			defaultConfigurationIsVisible = 0;
			defaultConfigurationName = Release;
		};
/* End XCConfigurationList section */
	};
	rootObject = A17134FD185007F800E56C4D /* Project object */;
}
