// !$*UTF8*$!
{
	archiveVersion = 1;
	classes = {
	};
	objectVersion = 46;
	objects = {

/* Begin PBXAggregateTarget section */
		A1713532185009D900E56C4D /* Documentation */ = {
			isa = PBXAggregateTarget;
			buildConfigurationList = A1713533185009D900E56C4D /* Build configuration list for PBXAggregateTarget "Documentation" */;
			buildPhases = (
				A171353918500A8200E56C4D /* Generate Documentation */,
			);
			dependencies = (
			);
			name = Documentation;
			productName = Documentation;
		};
/* End PBXAggregateTarget section */

/* Begin PBXBuildFile section */
		A1441C051855F0E40099B34E /* JSMStaticViewSection.m in Sources */ = {isa = PBXBuildFile; fileRef = A1441C041855F0E40099B34E /* JSMStaticViewSection.m */; };
		A1713509185007F800E56C4D /* Foundation.framework in Frameworks */ = {isa = PBXBuildFile; fileRef = A1713508185007F800E56C4D /* Foundation.framework */; };
		A1713537185009F100E56C4D /* UIKit.framework in Frameworks */ = {isa = PBXBuildFile; fileRef = A1713536185009F100E56C4D /* UIKit.framework */; };
		A171354618500B9400E56C4D /* JSMStaticViewController.m in Sources */ = {isa = PBXBuildFile; fileRef = A171353B18500B9400E56C4D /* JSMStaticViewController.m */; };
		A171354718500B9400E56C4D /* JSMStaticViewCell.m in Sources */ = {isa = PBXBuildFile; fileRef = A171353D18500B9400E56C4D /* JSMStaticViewCell.m */; };
		A171354818500B9400E56C4D /* JSMPreference.m in Sources */ = {isa = PBXBuildFile; fileRef = A171353F18500B9400E56C4D /* JSMPreference.m */; };
		A171354918500B9400E56C4D /* JSMPreferenceOption.m in Sources */ = {isa = PBXBuildFile; fileRef = A171354118500B9400E56C4D /* JSMPreferenceOption.m */; };
		A171354A18500B9400E56C4D /* JSMPreferenceViewController.m in Sources */ = {isa = PBXBuildFile; fileRef = A171354318500B9400E56C4D /* JSMPreferenceViewController.m */; };
		A171354B18500B9400E56C4D /* JSMBooleanPreference.m in Sources */ = {isa = PBXBuildFile; fileRef = A171354518500B9400E56C4D /* JSMBooleanPreference.m */; };
/* End PBXBuildFile section */

/* Begin PBXCopyFilesBuildPhase section */
		A1713503185007F800E56C4D /* CopyFiles */ = {
			isa = PBXCopyFilesBuildPhase;
			buildActionMask = 2147483647;
			dstPath = "include/$(PRODUCT_NAME)";
			dstSubfolderSpec = 16;
			files = (
			);
			runOnlyForDeploymentPostprocessing = 0;
		};
/* End PBXCopyFilesBuildPhase section */

/* Begin PBXFileReference section */
		A1441C031855F0E40099B34E /* JSMStaticViewSection.h */ = {isa = PBXFileReference; fileEncoding = 4; lastKnownFileType = sourcecode.c.h; path = JSMStaticViewSection.h; sourceTree = "<group>"; };
		A1441C041855F0E40099B34E /* JSMStaticViewSection.m */ = {isa = PBXFileReference; fileEncoding = 4; lastKnownFileType = sourcecode.c.objc; path = JSMStaticViewSection.m; sourceTree = "<group>"; };
		A1713505185007F800E56C4D /* libStaticTables.a */ = {isa = PBXFileReference; explicitFileType = archive.ar; includeInIndex = 0; path = libStaticTables.a; sourceTree = BUILT_PRODUCTS_DIR; };
		A1713508185007F800E56C4D /* Foundation.framework */ = {isa = PBXFileReference; lastKnownFileType = wrapper.framework; name = Foundation.framework; path = System/Library/Frameworks/Foundation.framework; sourceTree = SDKROOT; };
		A171352E185008F400E56C4D /* LICENSE */ = {isa = PBXFileReference; lastKnownFileType = text; path = LICENSE; sourceTree = "<group>"; };
		A171352F185008F400E56C4D /* README.md */ = {isa = PBXFileReference; lastKnownFileType = text; path = README.md; sourceTree = "<group>"; };
		A17135301850090C00E56C4D /* StaticTables.podspec */ = {isa = PBXFileReference; lastKnownFileType = text; path = StaticTables.podspec; sourceTree = "<group>"; };
		A17135311850094B00E56C4D /* StaticTables_Prefix.pch */ = {isa = PBXFileReference; lastKnownFileType = sourcecode.c.h; path = StaticTables_Prefix.pch; sourceTree = SOURCE_ROOT; };
		A1713536185009F100E56C4D /* UIKit.framework */ = {isa = PBXFileReference; lastKnownFileType = wrapper.framework; name = UIKit.framework; path = System/Library/Frameworks/UIKit.framework; sourceTree = SDKROOT; };
		A171353818500A1A00E56C4D /* StaticTables.h */ = {isa = PBXFileReference; fileEncoding = 4; lastKnownFileType = sourcecode.c.h; path = StaticTables.h; sourceTree = "<group>"; };
		A171353A18500B9400E56C4D /* JSMStaticViewController.h */ = {isa = PBXFileReference; fileEncoding = 4; lastKnownFileType = sourcecode.c.h; path = JSMStaticViewController.h; sourceTree = "<group>"; };
		A171353B18500B9400E56C4D /* JSMStaticViewController.m */ = {isa = PBXFileReference; fileEncoding = 4; lastKnownFileType = sourcecode.c.objc; path = JSMStaticViewController.m; sourceTree = "<group>"; };
		A171353C18500B9400E56C4D /* JSMStaticViewCell.h */ = {isa = PBXFileReference; fileEncoding = 4; lastKnownFileType = sourcecode.c.h; path = JSMStaticViewCell.h; sourceTree = "<group>"; };
		A171353D18500B9400E56C4D /* JSMStaticViewCell.m */ = {isa = PBXFileReference; fileEncoding = 4; lastKnownFileType = sourcecode.c.objc; path = JSMStaticViewCell.m; sourceTree = "<group>"; };
		A171353E18500B9400E56C4D /* JSMPreference.h */ = {isa = PBXFileReference; fileEncoding = 4; lastKnownFileType = sourcecode.c.h; path = JSMPreference.h; sourceTree = "<group>"; };
		A171353F18500B9400E56C4D /* JSMPreference.m */ = {isa = PBXFileReference; fileEncoding = 4; lastKnownFileType = sourcecode.c.objc; path = JSMPreference.m; sourceTree = "<group>"; };
		A171354018500B9400E56C4D /* JSMPreferenceOption.h */ = {isa = PBXFileReference; fileEncoding = 4; lastKnownFileType = sourcecode.c.h; path = JSMPreferenceOption.h; sourceTree = "<group>"; };
		A171354118500B9400E56C4D /* JSMPreferenceOption.m */ = {isa = PBXFileReference; fileEncoding = 4; lastKnownFileType = sourcecode.c.objc; path = JSMPreferenceOption.m; sourceTree = "<group>"; };
		A171354218500B9400E56C4D /* JSMPreferenceViewController.h */ = {isa = PBXFileReference; fileEncoding = 4; lastKnownFileType = sourcecode.c.h; path = JSMPreferenceViewController.h; sourceTree = "<group>"; };
		A171354318500B9400E56C4D /* JSMPreferenceViewController.m */ = {isa = PBXFileReference; fileEncoding = 4; lastKnownFileType = sourcecode.c.objc; path = JSMPreferenceViewController.m; sourceTree = "<group>"; };
		A171354418500B9400E56C4D /* JSMBooleanPreference.h */ = {isa = PBXFileReference; fileEncoding = 4; lastKnownFileType = sourcecode.c.h; path = JSMBooleanPreference.h; sourceTree = "<group>"; };
		A171354518500B9400E56C4D /* JSMBooleanPreference.m */ = {isa = PBXFileReference; fileEncoding = 4; lastKnownFileType = sourcecode.c.objc; path = JSMBooleanPreference.m; sourceTree = "<group>"; };
/* End PBXFileReference section */

/* Begin PBXFrameworksBuildPhase section */
		A1713502185007F800E56C4D /* Frameworks */ = {
			isa = PBXFrameworksBuildPhase;
			buildActionMask = 2147483647;
			files = (
				A1713537185009F100E56C4D /* UIKit.framework in Frameworks */,
				A1713509185007F800E56C4D /* Foundation.framework in Frameworks */,
			);
			runOnlyForDeploymentPostprocessing = 0;
		};
/* End PBXFrameworksBuildPhase section */

/* Begin PBXGroup section */
		A17134FC185007F800E56C4D = {
			isa = PBXGroup;
			children = (
				A171350A185007F800E56C4D /* StaticTables */,
				A1713507185007F800E56C4D /* Frameworks */,
				A171351F185007F800E56C4D /* Supporting Files */,
				A1713506185007F800E56C4D /* Products */,
				A171352E185008F400E56C4D /* LICENSE */,
				A171352F185008F400E56C4D /* README.md */,
				A17135301850090C00E56C4D /* StaticTables.podspec */,
			);
			sourceTree = "<group>";
		};
		A1713506185007F800E56C4D /* Products */ = {
			isa = PBXGroup;
			children = (
				A1713505185007F800E56C4D /* libStaticTables.a */,
			);
			name = Products;
			sourceTree = "<group>";
		};
		A1713507185007F800E56C4D /* Frameworks */ = {
			isa = PBXGroup;
			children = (
				A1713536185009F100E56C4D /* UIKit.framework */,
				A1713508185007F800E56C4D /* Foundation.framework */,
			);
			name = Frameworks;
			sourceTree = "<group>";
		};
		A171350A185007F800E56C4D /* StaticTables */ = {
			isa = PBXGroup;
			children = (
				A171353818500A1A00E56C4D /* StaticTables.h */,
				A171353A18500B9400E56C4D /* JSMStaticViewController.h */,
				A171353B18500B9400E56C4D /* JSMStaticViewController.m */,
				A171353C18500B9400E56C4D /* JSMStaticViewCell.h */,
				A171353D18500B9400E56C4D /* JSMStaticViewCell.m */,
				A1FEE5DD18AEE3EC00F36186 /* Entities */,
				A1FEE5DE18AEE41200F36186 /* Preferences */,
			);
			name = StaticTables;
			path = src/StaticTables;
			sourceTree = "<group>";
		};
		A171351F185007F800E56C4D /* Supporting Files */ = {
			isa = PBXGroup;
			children = (
				A17135311850094B00E56C4D /* StaticTables_Prefix.pch */,
			);
			name = "Supporting Files";
			path = JSMStaticTablesTests;
			sourceTree = "<group>";
		};
		A1FEE5DD18AEE3EC00F36186 /* Entities */ = {
			isa = PBXGroup;
			children = (
				A1441C031855F0E40099B34E /* JSMStaticViewSection.h */,
				A1441C041855F0E40099B34E /* JSMStaticViewSection.m */,
			);
			name = Entities;
			sourceTree = "<group>";
		};
		A1FEE5DE18AEE41200F36186 /* Preferences */ = {
			isa = PBXGroup;
			children = (
				A171353E18500B9400E56C4D /* JSMPreference.h */,
				A171353F18500B9400E56C4D /* JSMPreference.m */,
				A171354018500B9400E56C4D /* JSMPreferenceOption.h */,
				A171354118500B9400E56C4D /* JSMPreferenceOption.m */,
				A171354218500B9400E56C4D /* JSMPreferenceViewController.h */,
				A171354318500B9400E56C4D /* JSMPreferenceViewController.m */,
				A171354418500B9400E56C4D /* JSMBooleanPreference.h */,
				A171354518500B9400E56C4D /* JSMBooleanPreference.m */,
			);
			name = Preferences;
			sourceTree = "<group>";
		};
/* End PBXGroup section */

/* Begin PBXNativeTarget section */
		A1713504185007F800E56C4D /* StaticTables */ = {
			isa = PBXNativeTarget;
			buildConfigurationList = A1713528185007F800E56C4D /* Build configuration list for PBXNativeTarget "StaticTables" */;
			buildPhases = (
				A1713501185007F800E56C4D /* Sources */,
				A1713502185007F800E56C4D /* Frameworks */,
				A1713503185007F800E56C4D /* CopyFiles */,
			);
			buildRules = (
			);
			dependencies = (
			);
			name = StaticTables;
			productName = JSMStaticTables;
			productReference = A1713505185007F800E56C4D /* libStaticTables.a */;
			productType = "com.apple.product-type.library.static";
		};
/* End PBXNativeTarget section */

/* Begin PBXProject section */
		A17134FD185007F800E56C4D /* Project object */ = {
			isa = PBXProject;
			attributes = {
				LastUpgradeCheck = 0510;
				ORGANIZATIONNAME = "Daniel Farrelly";
			};
			buildConfigurationList = A1713500185007F800E56C4D /* Build configuration list for PBXProject "StaticTables" */;
			compatibilityVersion = "Xcode 3.2";
			developmentRegion = English;
			hasScannedForEncodings = 0;
			knownRegions = (
				en,
			);
			mainGroup = A17134FC185007F800E56C4D;
			productRefGroup = A1713506185007F800E56C4D /* Products */;
			projectDirPath = "";
			projectRoot = "";
			targets = (
				A1713504185007F800E56C4D /* StaticTables */,
				A1713532185009D900E56C4D /* Documentation */,
			);
		};
/* End PBXProject section */

/* Begin PBXShellScriptBuildPhase section */
		A171353918500A8200E56C4D /* Generate Documentation */ = {
			isa = PBXShellScriptBuildPhase;
			buildActionMask = 2147483647;
			files = (
			);
			inputPaths = (
			);
			name = "Generate Documentation";
			outputPaths = (
			);
			runOnlyForDeploymentPostprocessing = 0;
			shellPath = /bin/sh;
			shellScript = "/usr/local/bin/appledoc \\\n--ignore example \\\n--ignore .m \\\n--create-html \\\n--create-docset \\\n--install-docset \\\n--keep-intermediate-files \\\n--project-name \"StaticTables\" \\\n--project-company \"JellyStyle Media\" \\\n--company-id \"com.jellystyle\" \\\n--docset-platform-family \"iphoneos\" \\\n--merge-categories \\\n--no-repeat-first-par \\\n--warn-undocumented-object \\\n--warn-undocumented-member \\\n--warn-empty-description \\\n--warn-unknown-directive \\\n--warn-invalid-crossref \\\n--warn-missing-arg \\\n--logformat xcode \\\n--exit-threshold 2 \\\n--output \"docs\" \\\n\"${SRCROOT}\"";
		};
/* End PBXShellScriptBuildPhase section */

/* Begin PBXSourcesBuildPhase section */
		A1713501185007F800E56C4D /* Sources */ = {
			isa = PBXSourcesBuildPhase;
			buildActionMask = 2147483647;
			files = (
				A171354618500B9400E56C4D /* JSMStaticViewController.m in Sources */,
				A171354718500B9400E56C4D /* JSMStaticViewCell.m in Sources */,
				A1441C051855F0E40099B34E /* JSMStaticViewSection.m in Sources */,
				A171354918500B9400E56C4D /* JSMPreferenceOption.m in Sources */,
				A171354A18500B9400E56C4D /* JSMPreferenceViewController.m in Sources */,
				A171354B18500B9400E56C4D /* JSMBooleanPreference.m in Sources */,
				A171354818500B9400E56C4D /* JSMPreference.m in Sources */,
			);
			runOnlyForDeploymentPostprocessing = 0;
		};
/* End PBXSourcesBuildPhase section */

/* Begin XCBuildConfiguration section */
		A1713526185007F800E56C4D /* Debug */ = {
			isa = XCBuildConfiguration;
			buildSettings = {
				ALWAYS_SEARCH_USER_PATHS = NO;
				CLANG_CXX_LANGUAGE_STANDARD = "gnu++0x";
				CLANG_CXX_LIBRARY = "libc++";
				CLANG_ENABLE_MODULES = YES;
				CLANG_ENABLE_OBJC_ARC = YES;
				CLANG_WARN_BOOL_CONVERSION = YES;
				CLANG_WARN_CONSTANT_CONVERSION = YES;
				CLANG_WARN_DIRECT_OBJC_ISA_USAGE = YES_ERROR;
				CLANG_WARN_EMPTY_BODY = YES;
				CLANG_WARN_ENUM_CONVERSION = YES;
				CLANG_WARN_INT_CONVERSION = YES;
				CLANG_WARN_OBJC_ROOT_CLASS = YES_ERROR;
				CLANG_WARN__DUPLICATE_METHOD_MATCH = YES;
				COPY_PHASE_STRIP = NO;
				GCC_C_LANGUAGE_STANDARD = gnu99;
				GCC_DYNAMIC_NO_PIC = NO;
				GCC_OPTIMIZATION_LEVEL = 0;
				GCC_PREPROCESSOR_DEFINITIONS = (
					"DEBUG=1",
					"$(inherited)",
				);
				GCC_SYMBOLS_PRIVATE_EXTERN = NO;
				GCC_WARN_64_TO_32_BIT_CONVERSION = YES;
				GCC_WARN_ABOUT_RETURN_TYPE = YES_ERROR;
				GCC_WARN_UNDECLARED_SELECTOR = YES;
				GCC_WARN_UNINITIALIZED_AUTOS = YES;
				GCC_WARN_UNUSED_FUNCTION = YES;
				GCC_WARN_UNUSED_VARIABLE = YES;
				IPHONEOS_DEPLOYMENT_TARGET = 7.0;
				ONLY_ACTIVE_ARCH = YES;
				SDKROOT = iphoneos;
			};
			name = Debug;
		};
		A1713527185007F800E56C4D /* Release */ = {
			isa = XCBuildConfiguration;
			buildSettings = {
				ALWAYS_SEARCH_USER_PATHS = NO;
				CLANG_CXX_LANGUAGE_STANDARD = "gnu++0x";
				CLANG_CXX_LIBRARY = "libc++";
				CLANG_ENABLE_MODULES = YES;
				CLANG_ENABLE_OBJC_ARC = YES;
				CLANG_WARN_BOOL_CONVERSION = YES;
				CLANG_WARN_CONSTANT_CONVERSION = YES;
				CLANG_WARN_DIRECT_OBJC_ISA_USAGE = YES_ERROR;
				CLANG_WARN_EMPTY_BODY = YES;
				CLANG_WARN_ENUM_CONVERSION = YES;
				CLANG_WARN_INT_CONVERSION = YES;
				CLANG_WARN_OBJC_ROOT_CLASS = YES_ERROR;
				CLANG_WARN__DUPLICATE_METHOD_MATCH = YES;
				COPY_PHASE_STRIP = YES;
				ENABLE_NS_ASSERTIONS = NO;
				GCC_C_LANGUAGE_STANDARD = gnu99;
				GCC_WARN_64_TO_32_BIT_CONVERSION = YES;
				GCC_WARN_ABOUT_RETURN_TYPE = YES_ERROR;
				GCC_WARN_UNDECLARED_SELECTOR = YES;
				GCC_WARN_UNINITIALIZED_AUTOS = YES;
				GCC_WARN_UNUSED_FUNCTION = YES;
				GCC_WARN_UNUSED_VARIABLE = YES;
				IPHONEOS_DEPLOYMENT_TARGET = 7.0;
				SDKROOT = iphoneos;
				VALIDATE_PRODUCT = YES;
			};
			name = Release;
		};
		A1713529185007F800E56C4D /* Debug */ = {
			isa = XCBuildConfiguration;
			buildSettings = {
				DSTROOT = /tmp/JSMStaticTables.dst;
				GCC_PRECOMPILE_PREFIX_HEADER = YES;
				GCC_PREFIX_HEADER = StaticTables_Prefix.pch;
				MACH_O_TYPE = staticlib;
				ONLY_ACTIVE_ARCH = NO;
				OTHER_LDFLAGS = "-ObjC";
				PRODUCT_NAME = StaticTables;
				PUBLIC_HEADERS_FOLDER_PATH = include/StaticTables;
				SKIP_INSTALL = YES;
			};
			name = Debug;
		};
		A171352A185007F800E56C4D /* Release */ = {
			isa = XCBuildConfiguration;
			buildSettings = {
				DSTROOT = /tmp/JSMStaticTables.dst;
				GCC_PRECOMPILE_PREFIX_HEADER = YES;
				GCC_PREFIX_HEADER = StaticTables_Prefix.pch;
				MACH_O_TYPE = staticlib;
				ONLY_ACTIVE_ARCH = NO;
				OTHER_LDFLAGS = "-ObjC";
				PRODUCT_NAME = StaticTables;
				PUBLIC_HEADERS_FOLDER_PATH = include/StaticTables;
				SKIP_INSTALL = YES;
			};
			name = Release;
		};
		A1713534185009D900E56C4D /* Debug */ = {
			isa = XCBuildConfiguration;
			buildSettings = {
				PRODUCT_NAME = "$(TARGET_NAME)";
			};
			name = Debug;
		};
		A1713535185009D900E56C4D /* Release */ = {
			isa = XCBuildConfiguration;
			buildSettings = {
				PRODUCT_NAME = "$(TARGET_NAME)";
			};
			name = Release;
		};
/* End XCBuildConfiguration section */

/* Begin XCConfigurationList section */
		A1713500185007F800E56C4D /* Build configuration list for PBXProject "StaticTables" */ = {
			isa = XCConfigurationList;
			buildConfigurations = (
				A1713526185007F800E56C4D /* Debug */,
				A1713527185007F800E56C4D /* Release */,
			);
			defaultConfigurationIsVisible = 0;
			defaultConfigurationName = Release;
		};
		A1713528185007F800E56C4D /* Build configuration list for PBXNativeTarget "StaticTables" */ = {
			isa = XCConfigurationList;
			buildConfigurations = (
				A1713529185007F800E56C4D /* Debug */,
				A171352A185007F800E56C4D /* Release */,
			);
			defaultConfigurationIsVisible = 0;
			defaultConfigurationName = Release;
		};
		A1713533185009D900E56C4D /* Build configuration list for PBXAggregateTarget "Documentation" */ = {
			isa = XCConfigurationList;
			buildConfigurations = (
				A1713534185009D900E56C4D /* Debug */,
				A1713535185009D900E56C4D /* Release */,
			);
			defaultConfigurationIsVisible = 0;
			defaultConfigurationName = Release;
		};
/* End XCConfigurationList section */
	};
	rootObject = A17134FD185007F800E56C4D /* Project object */;
}
